
Microsoft Visual Studio Solution File, Format Version 12.00
# Visual Studio Version 17
VisualStudioVersion = 17.0.31903.59
MinimumVisualStudioVersion = 10.0.40219.1
Project("{9A19103F-16F7-4668-BE54-9A1E7A4F7556}") = "Library", "Library\Library.csproj", "{6CB32F47-AACF-40FC-9413-10672D4EEF69}"
EndProject
Project("{9A19103F-16F7-4668-BE54-9A1E7A4F7556}") = "LibraryApi", "LibraryApi\LibraryApi.csproj", "{1F419952-02AB-420D-9CFE-6496DA58B3A4}"
EndProject
Project("{9A19103F-16F7-4668-BE54-9A1E7A4F7556}") = "LibraryApi.Migrations", "LibraryApi.Migrations\LibraryApi.Migrations.csproj", "{A5ACFA06-D9FC-45AB-A635-FAFB174999D3}"
EndProject
Project("{2150E333-8FDC-42A3-9474-1A3956D46DE8}") = "src", "src", "{01472A08-5684-462F-835B-506128AC5A44}"
EndProject
Project("{2150E333-8FDC-42A3-9474-1A3956D46DE8}") = "Core", "Core", "{7C0E6B2E-4715-402F-B65F-71670CC1F8CD}"
EndProject
Project("{FAE04EC0-301F-11D3-BF4B-00C04F79EFBC}") = "Library.Application", "src\Core\Library.Application\Library.Application.csproj", "{0E4CFA81-33BF-420D-8695-0E9EB0CB0768}"
EndProject
Project("{9A19103F-16F7-4668-BE54-9A1E7A4F7556}") = "Library.Domain", "src\Core\Library.Domain\Library.Domain.csproj", "{107A051F-BA36-4E62-A792-1B2CEE4A0EFA}"
EndProject
Project("{2150E333-8FDC-42A3-9474-1A3956D46DE8}") = "Infarstructure", "Infarstructure", "{C7021ABC-68B7-474E-863E-001BFFE4522F}"
EndProject
Project("{FAE04EC0-301F-11D3-BF4B-00C04F79EFBC}") = "Library.Infarstructure", "src\Infarstructure\Library.Infarstructure\Library.Infarstructure.csproj", "{F7059FE7-C67A-4D68-A894-045D347B668D}"
EndProject
Project("{2150E333-8FDC-42A3-9474-1A3956D46DE8}") = "Persentation", "Persentation", "{9924B5D9-F449-422E-BB47-F1BCF1936DD4}"
EndProject
Project("{FAE04EC0-301F-11D3-BF4B-00C04F79EFBC}") = "Library.Api", "src\Pesentation\Library.Api\Library.Api.csproj", "{3ACDE33A-4A44-4AF7-B9CC-D00CD48514B6}"
EndProject
Global
	GlobalSection(SolutionConfigurationPlatforms) = preSolution
		Debug|Any CPU = Debug|Any CPU
		Release|Any CPU = Release|Any CPU
	EndGlobalSection
	GlobalSection(ProjectConfigurationPlatforms) = postSolution
		{6CB32F47-AACF-40FC-9413-10672D4EEF69}.Debug|Any CPU.ActiveCfg = Debug|Any CPU
		{6CB32F47-AACF-40FC-9413-10672D4EEF69}.Debug|Any CPU.Build.0 = Debug|Any CPU
		{6CB32F47-AACF-40FC-9413-10672D4EEF69}.Release|Any CPU.ActiveCfg = Release|Any CPU
		{6CB32F47-AACF-40FC-9413-10672D4EEF69}.Release|Any CPU.Build.0 = Release|Any CPU
		{1F419952-02AB-420D-9CFE-6496DA58B3A4}.Debug|Any CPU.ActiveCfg = Debug|Any CPU
		{1F419952-02AB-420D-9CFE-6496DA58B3A4}.Debug|Any CPU.Build.0 = Debug|Any CPU
		{1F419952-02AB-420D-9CFE-6496DA58B3A4}.Release|Any CPU.ActiveCfg = Release|Any CPU
		{1F419952-02AB-420D-9CFE-6496DA58B3A4}.Release|Any CPU.Build.0 = Release|Any CPU
		{A5ACFA06-D9FC-45AB-A635-FAFB174999D3}.Debug|Any CPU.ActiveCfg = Debug|Any CPU
		{A5ACFA06-D9FC-45AB-A635-FAFB174999D3}.Debug|Any CPU.Build.0 = Debug|Any CPU
		{A5ACFA06-D9FC-45AB-A635-FAFB174999D3}.Release|Any CPU.ActiveCfg = Release|Any CPU
		{A5ACFA06-D9FC-45AB-A635-FAFB174999D3}.Release|Any CPU.Build.0 = Release|Any CPU
		{0E4CFA81-33BF-420D-8695-0E9EB0CB0768}.Debug|Any CPU.ActiveCfg = Debug|Any CPU
		{0E4CFA81-33BF-420D-8695-0E9EB0CB0768}.Debug|Any CPU.Build.0 = Debug|Any CPU
		{0E4CFA81-33BF-420D-8695-0E9EB0CB0768}.Release|Any CPU.ActiveCfg = Release|Any CPU
		{0E4CFA81-33BF-420D-8695-0E9EB0CB0768}.Release|Any CPU.Build.0 = Release|Any CPU
		{107A051F-BA36-4E62-A792-1B2CEE4A0EFA}.Debug|Any CPU.ActiveCfg = Debug|Any CPU
		{107A051F-BA36-4E62-A792-1B2CEE4A0EFA}.Debug|Any CPU.Build.0 = Debug|Any CPU
		{107A051F-BA36-4E62-A792-1B2CEE4A0EFA}.Release|Any CPU.ActiveCfg = Release|Any CPU
		{107A051F-BA36-4E62-A792-1B2CEE4A0EFA}.Release|Any CPU.Build.0 = Release|Any CPU
		{F7059FE7-C67A-4D68-A894-045D347B668D}.Debug|Any CPU.ActiveCfg = Debug|Any CPU
		{F7059FE7-C67A-4D68-A894-045D347B668D}.Debug|Any CPU.Build.0 = Debug|Any CPU
		{F7059FE7-C67A-4D68-A894-045D347B668D}.Release|Any CPU.ActiveCfg = Release|Any CPU
		{F7059FE7-C67A-4D68-A894-045D347B668D}.Release|Any CPU.Build.0 = Release|Any CPU
		{3ACDE33A-4A44-4AF7-B9CC-D00CD48514B6}.Debug|Any CPU.ActiveCfg = Debug|Any CPU
		{3ACDE33A-4A44-4AF7-B9CC-D00CD48514B6}.Debug|Any CPU.Build.0 = Debug|Any CPU
		{3ACDE33A-4A44-4AF7-B9CC-D00CD48514B6}.Release|Any CPU.ActiveCfg = Release|Any CPU
		{3ACDE33A-4A44-4AF7-B9CC-D00CD48514B6}.Release|Any CPU.Build.0 = Release|Any CPU
	EndGlobalSection
	GlobalSection(SolutionProperties) = preSolution
		HideSolutionNode = FALSE
	EndGlobalSection
	GlobalSection(NestedProjects) = preSolution
		{7C0E6B2E-4715-402F-B65F-71670CC1F8CD} = {01472A08-5684-462F-835B-506128AC5A44}
		{0E4CFA81-33BF-420D-8695-0E9EB0CB0768} = {7C0E6B2E-4715-402F-B65F-71670CC1F8CD}
		{107A051F-BA36-4E62-A792-1B2CEE4A0EFA} = {7C0E6B2E-4715-402F-B65F-71670CC1F8CD}
		{C7021ABC-68B7-474E-863E-001BFFE4522F} = {01472A08-5684-462F-835B-506128AC5A44}
		{F7059FE7-C67A-4D68-A894-045D347B668D} = {C7021ABC-68B7-474E-863E-001BFFE4522F}
		{9924B5D9-F449-422E-BB47-F1BCF1936DD4} = {01472A08-5684-462F-835B-506128AC5A44}
		{3ACDE33A-4A44-4AF7-B9CC-D00CD48514B6} = {9924B5D9-F449-422E-BB47-F1BCF1936DD4}
	EndGlobalSection
	GlobalSection(ExtensibilityGlobals) = postSolution
		SolutionGuid = {D7931151-A0F2-40B9-89DE-7B70BB8936B1}
	EndGlobalSection
EndGlobal
