
Microsoft Visual Studio Solution File, Format Version 12.00
# Visual Studio Version 17
VisualStudioVersion = 17.0.31903.59
MinimumVisualStudioVersion = 10.0.40219.1
Project("{9A19103F-16F7-4668-BE54-9A1E7A4F7556}") = "Library", "Library\Library.csproj", "{6CB32F47-AACF-40FC-9413-10672D4EEF69}"
EndProject
Project("{9A19103F-16F7-4668-BE54-9A1E7A4F7556}") = "LibraryApi", "LibraryApi\LibraryApi.csproj", "{1F419952-02AB-420D-9CFE-6496DA58B3A4}"
EndProject
Project("{9A19103F-16F7-4668-BE54-9A1E7A4F7556}") = "LibraryApi.Migrations", "LibraryApi.Migrations\LibraryApi.Migrations.csproj", "{A5ACFA06-D9FC-45AB-A635-FAFB174999D3}"
EndProject
Project("{2150E333-8FDC-42A3-9474-1A3956D46DE8}") = "src", "src", "{01472A08-5684-462F-835B-506128AC5A44}"
EndProject
Global
	GlobalSection(SolutionConfigurationPlatforms) = preSolution
		Debug|Any CPU = Debug|Any CPU
		Release|Any CPU = Release|Any CPU
	EndGlobalSection
	GlobalSection(ProjectConfigurationPlatforms) = postSolution
		{6CB32F47-AACF-40FC-9413-10672D4EEF69}.Debug|Any CPU.ActiveCfg = Debug|Any CPU
		{6CB32F47-AACF-40FC-9413-10672D4EEF69}.Debug|Any CPU.Build.0 = Debug|Any CPU
		{6CB32F47-AACF-40FC-9413-10672D4EEF69}.Release|Any CPU.ActiveCfg = Release|Any CPU
		{6CB32F47-AACF-40FC-9413-10672D4EEF69}.Release|Any CPU.Build.0 = Release|Any CPU
		{1F419952-02AB-420D-9CFE-6496DA58B3A4}.Debug|Any CPU.ActiveCfg = Debug|Any CPU
		{1F419952-02AB-420D-9CFE-6496DA58B3A4}.Debug|Any CPU.Build.0 = Debug|Any CPU
		{1F419952-02AB-420D-9CFE-6496DA58B3A4}.Release|Any CPU.ActiveCfg = Release|Any CPU
		{1F419952-02AB-420D-9CFE-6496DA58B3A4}.Release|Any CPU.Build.0 = Release|Any CPU
		{A5ACFA06-D9FC-45AB-A635-FAFB174999D3}.Debug|Any CPU.ActiveCfg = Debug|Any CPU
		{A5ACFA06-D9FC-45AB-A635-FAFB174999D3}.Debug|Any CPU.Build.0 = Debug|Any CPU
		{A5ACFA06-D9FC-45AB-A635-FAFB174999D3}.Release|Any CPU.ActiveCfg = Release|Any CPU
		{A5ACFA06-D9FC-45AB-A635-FAFB174999D3}.Release|Any CPU.Build.0 = Release|Any CPU
	EndGlobalSection
	GlobalSection(SolutionProperties) = preSolution
		HideSolutionNode = FALSE
	EndGlobalSection
	GlobalSection(ExtensibilityGlobals) = postSolution
		SolutionGuid = {D7931151-A0F2-40B9-89DE-7B70BB8936B1}
	EndGlobalSection
EndGlobal
